
Microsoft Visual Studio Solution File, Format Version 12.00
# Visual Studio 15
VisualStudioVersion = 15.0.26228.9
MinimumVisualStudioVersion = 10.0.40219.1
Project("{FAE04EC0-301F-11D3-BF4B-00C04F79EFBC}") = "Visao", "CorretagemDeImoveis\Visao.csproj", "{7049EF53-90A9-41C7-BB9A-78C8AEC3F59A}"
EndProject
Project("{FAE04EC0-301F-11D3-BF4B-00C04F79EFBC}") = "Modelo", "Modelo\Modelo.csproj", "{9EA55680-81DC-408B-9206-9EA6FD08BFA1}"
EndProject
Project("{FAE04EC0-301F-11D3-BF4B-00C04F79EFBC}") = "Controle", "Controle\Controle.csproj", "{DC8D61AF-00B3-4063-8600-B72B2F1516F8}"
EndProject
Project("{FAE04EC0-301F-11D3-BF4B-00C04F79EFBC}") = "extra", "extra\extra.csproj", "{9AFAE375-BE8D-441F-8C91-FAE184922F47}"
EndProject
Global
	GlobalSection(SolutionConfigurationPlatforms) = preSolution
		Debug|Any CPU = Debug|Any CPU
		Release|Any CPU = Release|Any CPU
	EndGlobalSection
	GlobalSection(ProjectConfigurationPlatforms) = postSolution
		{7049EF53-90A9-41C7-BB9A-78C8AEC3F59A}.Debug|Any CPU.ActiveCfg = Debug|Any CPU
		{7049EF53-90A9-41C7-BB9A-78C8AEC3F59A}.Debug|Any CPU.Build.0 = Debug|Any CPU
		{7049EF53-90A9-41C7-BB9A-78C8AEC3F59A}.Release|Any CPU.ActiveCfg = Release|Any CPU
		{7049EF53-90A9-41C7-BB9A-78C8AEC3F59A}.Release|Any CPU.Build.0 = Release|Any CPU
		{9EA55680-81DC-408B-9206-9EA6FD08BFA1}.Debug|Any CPU.ActiveCfg = Debug|Any CPU
		{9EA55680-81DC-408B-9206-9EA6FD08BFA1}.Debug|Any CPU.Build.0 = Debug|Any CPU
		{9EA55680-81DC-408B-9206-9EA6FD08BFA1}.Release|Any CPU.ActiveCfg = Release|Any CPU
		{9EA55680-81DC-408B-9206-9EA6FD08BFA1}.Release|Any CPU.Build.0 = Release|Any CPU
		{DC8D61AF-00B3-4063-8600-B72B2F1516F8}.Debug|Any CPU.ActiveCfg = Debug|Any CPU
		{DC8D61AF-00B3-4063-8600-B72B2F1516F8}.Debug|Any CPU.Build.0 = Debug|Any CPU
		{DC8D61AF-00B3-4063-8600-B72B2F1516F8}.Release|Any CPU.ActiveCfg = Release|Any CPU
		{DC8D61AF-00B3-4063-8600-B72B2F1516F8}.Release|Any CPU.Build.0 = Release|Any CPU
		{9AFAE375-BE8D-441F-8C91-FAE184922F47}.Debug|Any CPU.ActiveCfg = Debug|Any CPU
		{9AFAE375-BE8D-441F-8C91-FAE184922F47}.Debug|Any CPU.Build.0 = Debug|Any CPU
		{9AFAE375-BE8D-441F-8C91-FAE184922F47}.Release|Any CPU.ActiveCfg = Release|Any CPU
		{9AFAE375-BE8D-441F-8C91-FAE184922F47}.Release|Any CPU.Build.0 = Release|Any CPU
	EndGlobalSection
	GlobalSection(SolutionProperties) = preSolution
		HideSolutionNode = FALSE
	EndGlobalSection
EndGlobal
